{
  "name": "@yutopp/bs-phoenix",
  "version": "0.1.0",
  "lockfileVersion": 1,
  "requires": true,
  "dependencies": {
    "phoenix": {
      "version": "1.3.0",
      "resolved": "https://registry.npmjs.org/phoenix/-/phoenix-1.3.0.tgz",
      "integrity": "sha512-g1I6kJKTQx7wGsJCc2b1RfXeHUfITTV5kdqJPFoqmrGDfFEKQIrQkkBtv8QeJ0s1iN9+vvryrQLv+4SfmH/wqg=="
    }
  }
}
