# THIS IS AN AUTOGENERATED FILE. DO NOT EDIT THIS FILE DIRECTLY.
# yarn lockfile v1


bs-platform@^1.9.1:
  version "1.9.1"
  resolved "https://registry.yarnpkg.com/bs-platform/-/bs-platform-1.9.1.tgz#1195562f0f8b131cc758693e7c9b31d7e0022001"

phoenix@^1.3.0:
  version "1.3.0"
  resolved "https://registry.yarnpkg.com/phoenix/-/phoenix-1.3.0.tgz#1df2c27f986ee295e37c9983ec28ebac1d7f4a3e"
